
Microsoft Visual Studio Solution File, Format Version 12.00
# Visual Studio Version 16
VisualStudioVersion = 16.0.31729.503
MinimumVisualStudioVersion = 10.0.40219.1
Project("{8BC9CEB8-8B4A-11D0-8D11-00A0C91BC942}") = "Server", "Server\Server.vcxproj", "{43520FA9-2A9A-4B84-8A3B-0575E83DDA20}"
EndProject
Project("{8BC9CEB8-8B4A-11D0-8D11-00A0C91BC942}") = "Client", "Client\Client.vcxproj", "{AE6D026A-9DCC-4878-BB43-6F2B33469689}"
EndProject
Global
	GlobalSection(SolutionConfigurationPlatforms) = preSolution
		Debug|x64 = Debug|x64
		Debug|x86 = Debug|x86
		Release|x64 = Release|x64
		Release|x86 = Release|x86
	EndGlobalSection
	GlobalSection(ProjectConfigurationPlatforms) = postSolution
		{43520FA9-2A9A-4B84-8A3B-0575E83DDA20}.Debug|x64.ActiveCfg = Debug|x64
		{43520FA9-2A9A-4B84-8A3B-0575E83DDA20}.Debug|x64.Build.0 = Debug|x64
		{43520FA9-2A9A-4B84-8A3B-0575E83DDA20}.Debug|x86.ActiveCfg = Debug|Win32
		{43520FA9-2A9A-4B84-8A3B-0575E83DDA20}.Debug|x86.Build.0 = Debug|Win32
		{43520FA9-2A9A-4B84-8A3B-0575E83DDA20}.Release|x64.ActiveCfg = Release|x64
		{43520FA9-2A9A-4B84-8A3B-0575E83DDA20}.Release|x64.Build.0 = Release|x64
		{43520FA9-2A9A-4B84-8A3B-0575E83DDA20}.Release|x86.ActiveCfg = Release|Win32
		{43520FA9-2A9A-4B84-8A3B-0575E83DDA20}.Release|x86.Build.0 = Release|Win32
		{AE6D026A-9DCC-4878-BB43-6F2B33469689}.Debug|x64.ActiveCfg = Debug|x64
		{AE6D026A-9DCC-4878-BB43-6F2B33469689}.Debug|x64.Build.0 = Debug|x64
		{AE6D026A-9DCC-4878-BB43-6F2B33469689}.Debug|x86.ActiveCfg = Debug|Win32
		{AE6D026A-9DCC-4878-BB43-6F2B33469689}.Debug|x86.Build.0 = Debug|Win32
		{AE6D026A-9DCC-4878-BB43-6F2B33469689}.Release|x64.ActiveCfg = Release|x64
		{AE6D026A-9DCC-4878-BB43-6F2B33469689}.Release|x64.Build.0 = Release|x64
		{AE6D026A-9DCC-4878-BB43-6F2B33469689}.Release|x86.ActiveCfg = Release|Win32
		{AE6D026A-9DCC-4878-BB43-6F2B33469689}.Release|x86.Build.0 = Release|Win32
	EndGlobalSection
	GlobalSection(SolutionProperties) = preSolution
		HideSolutionNode = FALSE
	EndGlobalSection
	GlobalSection(ExtensibilityGlobals) = postSolution
		SolutionGuid = {90C4889E-B128-4D02-A018-3B9892A7B57F}
	EndGlobalSection
EndGlobal
